// !$*UTF8*$!
{
	archiveVersion = 1;
	classes = {
	};
	objectVersion = 46;
	objects = {

/* Begin PBXBuildFile section */
		5E22D50318BC31C0008D4A9C /* Cocoa.framework in Frameworks */ = {isa = PBXBuildFile; fileRef = 5E22D50218BC31C0008D4A9C /* Cocoa.framework */; };
		5E22D50D18BC31C0008D4A9C /* InfoPlist.strings in Resources */ = {isa = PBXBuildFile; fileRef = 5E22D50B18BC31C0008D4A9C /* InfoPlist.strings */; };
		5E22D50F18BC31C0008D4A9C /* main.m in Sources */ = {isa = PBXBuildFile; fileRef = 5E22D50E18BC31C0008D4A9C /* main.m */; };
		5E22D51318BC31C0008D4A9C /* Credits.rtf in Resources */ = {isa = PBXBuildFile; fileRef = 5E22D51118BC31C0008D4A9C /* Credits.rtf */; };
		5E22D51618BC31C0008D4A9C /* MainAppAppDelegate.m in Sources */ = {isa = PBXBuildFile; fileRef = 5E22D51518BC31C0008D4A9C /* MainAppAppDelegate.m */; };
		5E22D51918BC31C0008D4A9C /* MainMenu.xib in Resources */ = {isa = PBXBuildFile; fileRef = 5E22D51718BC31C0008D4A9C /* MainMenu.xib */; };
		5E22D51B18BC31C0008D4A9C /* Images.xcassets in Resources */ = {isa = PBXBuildFile; fileRef = 5E22D51A18BC31C0008D4A9C /* Images.xcassets */; };
		5E22D52218BC31C0008D4A9C /* XCTest.framework in Frameworks */ = {isa = PBXBuildFile; fileRef = 5E22D52118BC31C0008D4A9C /* XCTest.framework */; };
		5E22D52318BC31C0008D4A9C /* Cocoa.framework in Frameworks */ = {isa = PBXBuildFile; fileRef = 5E22D50218BC31C0008D4A9C /* Cocoa.framework */; };
		5E22D52B18BC31C0008D4A9C /* InfoPlist.strings in Resources */ = {isa = PBXBuildFile; fileRef = 5E22D52918BC31C0008D4A9C /* InfoPlist.strings */; };
		5E22D52D18BC31C0008D4A9C /* MainAppTests.m in Sources */ = {isa = PBXBuildFile; fileRef = 5E22D52C18BC31C0008D4A9C /* MainAppTests.m */; };
		5E22D58018BC325C008D4A9C /* HelperApp.app in Copy Helper App */ = {isa = PBXBuildFile; fileRef = 5E22D57C18BC31FB008D4A9C /* HelperApp.app */; };
/* End PBXBuildFile section */

/* Begin PBXContainerItemProxy section */
		5E22D52418BC31C0008D4A9C /* PBXContainerItemProxy */ = {
			isa = PBXContainerItemProxy;
			containerPortal = 5E22D4F718BC31C0008D4A9C /* Project object */;
			proxyType = 1;
			remoteGlobalIDString = 5E22D4FE18BC31C0008D4A9C;
			remoteInfo = MainApp;
		};
		5E22D57B18BC31FB008D4A9C /* PBXContainerItemProxy */ = {
			isa = PBXContainerItemProxy;
			containerPortal = 5E22D57618BC31FA008D4A9C /* HelperApp.xcodeproj */;
			proxyType = 2;
			remoteGlobalIDString = 5E22D53F18BC31FA008D4A9C;
			remoteInfo = HelperApp;
		};
		5E22D57D18BC31FB008D4A9C /* PBXContainerItemProxy */ = {
			isa = PBXContainerItemProxy;
			containerPortal = 5E22D57618BC31FA008D4A9C /* HelperApp.xcodeproj */;
			proxyType = 2;
			remoteGlobalIDString = 5E22D56018BC31FA008D4A9C;
			remoteInfo = HelperAppTests;
		};
/* End PBXContainerItemProxy section */

/* Begin PBXCopyFilesBuildPhase section */
		5E22D57F18BC324B008D4A9C /* Copy Helper App */ = {
			isa = PBXCopyFilesBuildPhase;
			buildActionMask = 2147483647;
			dstPath = Contents/Library/LoginItems;
			dstSubfolderSpec = 1;
			files = (
				5E22D58018BC325C008D4A9C /* HelperApp.app in Copy Helper App */,
			);
			name = "Copy Helper App";
			runOnlyForDeploymentPostprocessing = 0;
		};
/* End PBXCopyFilesBuildPhase section */

/* Begin PBXFileReference section */
		5E22D4FF18BC31C0008D4A9C /* MainApp.app */ = {isa = PBXFileReference; explicitFileType = wrapper.application; includeInIndex = 0; path = MainApp.app; sourceTree = BUILT_PRODUCTS_DIR; };
		5E22D50218BC31C0008D4A9C /* Cocoa.framework */ = {isa = PBXFileReference; lastKnownFileType = wrapper.framework; name = Cocoa.framework; path = System/Library/Frameworks/Cocoa.framework; sourceTree = SDKROOT; };
		5E22D50518BC31C0008D4A9C /* AppKit.framework */ = {isa = PBXFileReference; lastKnownFileType = wrapper.framework; name = AppKit.framework; path = System/Library/Frameworks/AppKit.framework; sourceTree = SDKROOT; };
		5E22D50618BC31C0008D4A9C /* CoreData.framework */ = {isa = PBXFileReference; lastKnownFileType = wrapper.framework; name = CoreData.framework; path = System/Library/Frameworks/CoreData.framework; sourceTree = SDKROOT; };
		5E22D50718BC31C0008D4A9C /* Foundation.framework */ = {isa = PBXFileReference; lastKnownFileType = wrapper.framework; name = Foundation.framework; path = System/Library/Frameworks/Foundation.framework; sourceTree = SDKROOT; };
		5E22D50A18BC31C0008D4A9C /* MainApp-Info.plist */ = {isa = PBXFileReference; lastKnownFileType = text.plist.xml; path = "MainApp-Info.plist"; sourceTree = "<group>"; };
		5E22D50C18BC31C0008D4A9C /* en */ = {isa = PBXFileReference; lastKnownFileType = text.plist.strings; name = en; path = en.lproj/InfoPlist.strings; sourceTree = "<group>"; };
		5E22D50E18BC31C0008D4A9C /* main.m */ = {isa = PBXFileReference; lastKnownFileType = sourcecode.c.objc; path = main.m; sourceTree = "<group>"; };
		5E22D51018BC31C0008D4A9C /* MainApp-Prefix.pch */ = {isa = PBXFileReference; lastKnownFileType = sourcecode.c.h; path = "MainApp-Prefix.pch"; sourceTree = "<group>"; };
		5E22D51218BC31C0008D4A9C /* en */ = {isa = PBXFileReference; lastKnownFileType = text.rtf; name = en; path = en.lproj/Credits.rtf; sourceTree = "<group>"; };
		5E22D51418BC31C0008D4A9C /* MainAppAppDelegate.h */ = {isa = PBXFileReference; lastKnownFileType = sourcecode.c.h; path = MainAppAppDelegate.h; sourceTree = "<group>"; };
		5E22D51518BC31C0008D4A9C /* MainAppAppDelegate.m */ = {isa = PBXFileReference; lastKnownFileType = sourcecode.c.objc; path = MainAppAppDelegate.m; sourceTree = "<group>"; };
		5E22D51818BC31C0008D4A9C /* Base */ = {isa = PBXFileReference; lastKnownFileType = file.xib; name = Base; path = Base.lproj/MainMenu.xib; sourceTree = "<group>"; };
		5E22D51A18BC31C0008D4A9C /* Images.xcassets */ = {isa = PBXFileReference; lastKnownFileType = folder.assetcatalog; path = Images.xcassets; sourceTree = "<group>"; };
		5E22D52018BC31C0008D4A9C /* MainAppTests.xctest */ = {isa = PBXFileReference; explicitFileType = wrapper.cfbundle; includeInIndex = 0; path = MainAppTests.xctest; sourceTree = BUILT_PRODUCTS_DIR; };
		5E22D52118BC31C0008D4A9C /* XCTest.framework */ = {isa = PBXFileReference; lastKnownFileType = wrapper.framework; name = XCTest.framework; path = Library/Frameworks/XCTest.framework; sourceTree = DEVELOPER_DIR; };
		5E22D52818BC31C0008D4A9C /* MainAppTests-Info.plist */ = {isa = PBXFileReference; lastKnownFileType = text.plist.xml; path = "MainAppTests-Info.plist"; sourceTree = "<group>"; };
		5E22D52A18BC31C0008D4A9C /* en */ = {isa = PBXFileReference; lastKnownFileType = text.plist.strings; name = en; path = en.lproj/InfoPlist.strings; sourceTree = "<group>"; };
		5E22D52C18BC31C0008D4A9C /* MainAppTests.m */ = {isa = PBXFileReference; lastKnownFileType = sourcecode.c.objc; path = MainAppTests.m; sourceTree = "<group>"; };
		5E22D57618BC31FA008D4A9C /* HelperApp.xcodeproj */ = {isa = PBXFileReference; lastKnownFileType = "wrapper.pb-project"; name = HelperApp.xcodeproj; path = ../HelperApp/HelperApp.xcodeproj; sourceTree = "<group>"; };
		5E22D58118BC32B5008D4A9C /* MainApp.entitlements */ = {isa = PBXFileReference; lastKnownFileType = text.xml; path = MainApp.entitlements; sourceTree = "<group>"; };
/* End PBXFileReference section */

/* Begin PBXFrameworksBuildPhase section */
		5E22D4FC18BC31C0008D4A9C /* Frameworks */ = {
			isa = PBXFrameworksBuildPhase;
			buildActionMask = 2147483647;
			files = (
				5E22D50318BC31C0008D4A9C /* Cocoa.framework in Frameworks */,
			);
			runOnlyForDeploymentPostprocessing = 0;
		};
		5E22D51D18BC31C0008D4A9C /* Frameworks */ = {
			isa = PBXFrameworksBuildPhase;
			buildActionMask = 2147483647;
			files = (
				5E22D52318BC31C0008D4A9C /* Cocoa.framework in Frameworks */,
				5E22D52218BC31C0008D4A9C /* XCTest.framework in Frameworks */,
			);
			runOnlyForDeploymentPostprocessing = 0;
		};
/* End PBXFrameworksBuildPhase section */

/* Begin PBXGroup section */
		5E22D4F618BC31C0008D4A9C = {
			isa = PBXGroup;
			children = (
				5E22D57618BC31FA008D4A9C /* HelperApp.xcodeproj */,
				5E22D50818BC31C0008D4A9C /* MainApp */,
				5E22D52618BC31C0008D4A9C /* MainAppTests */,
				5E22D50118BC31C0008D4A9C /* Frameworks */,
				5E22D50018BC31C0008D4A9C /* Products */,
			);
			sourceTree = "<group>";
		};
		5E22D50018BC31C0008D4A9C /* Products */ = {
			isa = PBXGroup;
			children = (
				5E22D4FF18BC31C0008D4A9C /* MainApp.app */,
				5E22D52018BC31C0008D4A9C /* MainAppTests.xctest */,
			);
			name = Products;
			sourceTree = "<group>";
		};
		5E22D50118BC31C0008D4A9C /* Frameworks */ = {
			isa = PBXGroup;
			children = (
				5E22D50218BC31C0008D4A9C /* Cocoa.framework */,
				5E22D52118BC31C0008D4A9C /* XCTest.framework */,
				5E22D50418BC31C0008D4A9C /* Other Frameworks */,
			);
			name = Frameworks;
			sourceTree = "<group>";
		};
		5E22D50418BC31C0008D4A9C /* Other Frameworks */ = {
			isa = PBXGroup;
			children = (
				5E22D50518BC31C0008D4A9C /* AppKit.framework */,
				5E22D50618BC31C0008D4A9C /* CoreData.framework */,
				5E22D50718BC31C0008D4A9C /* Foundation.framework */,
			);
			name = "Other Frameworks";
			sourceTree = "<group>";
		};
		5E22D50818BC31C0008D4A9C /* MainApp */ = {
			isa = PBXGroup;
			children = (
				5E22D58118BC32B5008D4A9C /* MainApp.entitlements */,
				5E22D51418BC31C0008D4A9C /* MainAppAppDelegate.h */,
				5E22D51518BC31C0008D4A9C /* MainAppAppDelegate.m */,
				5E22D51718BC31C0008D4A9C /* MainMenu.xib */,
				5E22D51A18BC31C0008D4A9C /* Images.xcassets */,
				5E22D50918BC31C0008D4A9C /* Supporting Files */,
			);
			path = MainApp;
			sourceTree = "<group>";
		};
		5E22D50918BC31C0008D4A9C /* Supporting Files */ = {
			isa = PBXGroup;
			children = (
				5E22D50A18BC31C0008D4A9C /* MainApp-Info.plist */,
				5E22D50B18BC31C0008D4A9C /* InfoPlist.strings */,
				5E22D50E18BC31C0008D4A9C /* main.m */,
				5E22D51018BC31C0008D4A9C /* MainApp-Prefix.pch */,
				5E22D51118BC31C0008D4A9C /* Credits.rtf */,
			);
			name = "Supporting Files";
			sourceTree = "<group>";
		};
		5E22D52618BC31C0008D4A9C /* MainAppTests */ = {
			isa = PBXGroup;
			children = (
				5E22D52C18BC31C0008D4A9C /* MainAppTests.m */,
				5E22D52718BC31C0008D4A9C /* Supporting Files */,
			);
			path = MainAppTests;
			sourceTree = "<group>";
		};
		5E22D52718BC31C0008D4A9C /* Supporting Files */ = {
			isa = PBXGroup;
			children = (
				5E22D52818BC31C0008D4A9C /* MainAppTests-Info.plist */,
				5E22D52918BC31C0008D4A9C /* InfoPlist.strings */,
			);
			name = "Supporting Files";
			sourceTree = "<group>";
		};
		5E22D57718BC31FA008D4A9C /* Products */ = {
			isa = PBXGroup;
			children = (
				5E22D57C18BC31FB008D4A9C /* HelperApp.app */,
				5E22D57E18BC31FB008D4A9C /* HelperAppTests.xctest */,
			);
			name = Products;
			sourceTree = "<group>";
		};
/* End PBXGroup section */

/* Begin PBXNativeTarget section */
		5E22D4FE18BC31C0008D4A9C /* MainApp */ = {
			isa = PBXNativeTarget;
			buildConfigurationList = 5E22D53018BC31C0008D4A9C /* Build configuration list for PBXNativeTarget "MainApp" */;
			buildPhases = (
				5E22D4FB18BC31C0008D4A9C /* Sources */,
				5E22D4FC18BC31C0008D4A9C /* Frameworks */,
				5E22D4FD18BC31C0008D4A9C /* Resources */,
				5E22D57F18BC324B008D4A9C /* Copy Helper App */,
			);
			buildRules = (
			);
			dependencies = (
			);
			name = MainApp;
			productName = MainApp;
			productReference = 5E22D4FF18BC31C0008D4A9C /* MainApp.app */;
			productType = "com.apple.product-type.application";
		};
		5E22D51F18BC31C0008D4A9C /* MainAppTests */ = {
			isa = PBXNativeTarget;
			buildConfigurationList = 5E22D53318BC31C0008D4A9C /* Build configuration list for PBXNativeTarget "MainAppTests" */;
			buildPhases = (
				5E22D51C18BC31C0008D4A9C /* Sources */,
				5E22D51D18BC31C0008D4A9C /* Frameworks */,
				5E22D51E18BC31C0008D4A9C /* Resources */,
			);
			buildRules = (
			);
			dependencies = (
				5E22D52518BC31C0008D4A9C /* PBXTargetDependency */,
			);
			name = MainAppTests;
			productName = MainAppTests;
			productReference = 5E22D52018BC31C0008D4A9C /* MainAppTests.xctest */;
			productType = "com.apple.product-type.bundle.unit-test";
		};
/* End PBXNativeTarget section */

/* Begin PBXProject section */
		5E22D4F718BC31C0008D4A9C /* Project object */ = {
			isa = PBXProject;
			attributes = {
				CLASSPREFIX = MainApp;
				LastUpgradeCheck = 0510;
				ORGANIZATIONNAME = JustATest;
				TargetAttributes = {
					5E22D4FE18BC31C0008D4A9C = {
						SystemCapabilities = {
							com.apple.Sandbox = {
								enabled = 1;
							};
						};
					};
					5E22D51F18BC31C0008D4A9C = {
						TestTargetID = 5E22D4FE18BC31C0008D4A9C;
					};
				};
			};
			buildConfigurationList = 5E22D4FA18BC31C0008D4A9C /* Build configuration list for PBXProject "MainApp" */;
			compatibilityVersion = "Xcode 3.2";
			developmentRegion = English;
			hasScannedForEncodings = 0;
			knownRegions = (
				en,
				Base,
			);
			mainGroup = 5E22D4F618BC31C0008D4A9C;
			productRefGroup = 5E22D50018BC31C0008D4A9C /* Products */;
			projectDirPath = "";
			projectReferences = (
				{
					ProductGroup = 5E22D57718BC31FA008D4A9C /* Products */;
					ProjectRef = 5E22D57618BC31FA008D4A9C /* HelperApp.xcodeproj */;
				},
			);
			projectRoot = "";
			targets = (
				5E22D4FE18BC31C0008D4A9C /* MainApp */,
				5E22D51F18BC31C0008D4A9C /* MainAppTests */,
			);
		};
/* End PBXProject section */

/* Begin PBXReferenceProxy section */
		5E22D57C18BC31FB008D4A9C /* HelperApp.app */ = {
			isa = PBXReferenceProxy;
			fileType = wrapper.application;
			path = HelperApp.app;
			remoteRef = 5E22D57B18BC31FB008D4A9C /* PBXContainerItemProxy */;
			sourceTree = BUILT_PRODUCTS_DIR;
		};
		5E22D57E18BC31FB008D4A9C /* HelperAppTests.xctest */ = {
			isa = PBXReferenceProxy;
			fileType = wrapper.cfbundle;
			path = HelperAppTests.xctest;
			remoteRef = 5E22D57D18BC31FB008D4A9C /* PBXContainerItemProxy */;
			sourceTree = BUILT_PRODUCTS_DIR;
		};
/* End PBXReferenceProxy section */

/* Begin PBXResourcesBuildPhase section */
		5E22D4FD18BC31C0008D4A9C /* Resources */ = {
			isa = PBXResourcesBuildPhase;
			buildActionMask = 2147483647;
			files = (
				5E22D50D18BC31C0008D4A9C /* InfoPlist.strings in Resources */,
				5E22D51B18BC31C0008D4A9C /* Images.xcassets in Resources */,
				5E22D51318BC31C0008D4A9C /* Credits.rtf in Resources */,
				5E22D51918BC31C0008D4A9C /* MainMenu.xib in Resources */,
			);
			runOnlyForDeploymentPostprocessing = 0;
		};
		5E22D51E18BC31C0008D4A9C /* Resources */ = {
			isa = PBXResourcesBuildPhase;
			buildActionMask = 2147483647;
			files = (
				5E22D52B18BC31C0008D4A9C /* InfoPlist.strings in Resources */,
			);
			runOnlyForDeploymentPostprocessing = 0;
		};
/* End PBXResourcesBuildPhase section */

/* Begin PBXSourcesBuildPhase section */
		5E22D4FB18BC31C0008D4A9C /* Sources */ = {
			isa = PBXSourcesBuildPhase;
			buildActionMask = 2147483647;
			files = (
				5E22D50F18BC31C0008D4A9C /* main.m in Sources */,
				5E22D51618BC31C0008D4A9C /* MainAppAppDelegate.m in Sources */,
			);
			runOnlyForDeploymentPostprocessing = 0;
		};
		5E22D51C18BC31C0008D4A9C /* Sources */ = {
			isa = PBXSourcesBuildPhase;
			buildActionMask = 2147483647;
			files = (
				5E22D52D18BC31C0008D4A9C /* MainAppTests.m in Sources */,
			);
			runOnlyForDeploymentPostprocessing = 0;
		};
/* End PBXSourcesBuildPhase section */

/* Begin PBXTargetDependency section */
		5E22D52518BC31C0008D4A9C /* PBXTargetDependency */ = {
			isa = PBXTargetDependency;
			target = 5E22D4FE18BC31C0008D4A9C /* MainApp */;
			targetProxy = 5E22D52418BC31C0008D4A9C /* PBXContainerItemProxy */;
		};
/* End PBXTargetDependency section */

/* Begin PBXVariantGroup section */
		5E22D50B18BC31C0008D4A9C /* InfoPlist.strings */ = {
			isa = PBXVariantGroup;
			children = (
				5E22D50C18BC31C0008D4A9C /* en */,
			);
			name = InfoPlist.strings;
			sourceTree = "<group>";
		};
		5E22D51118BC31C0008D4A9C /* Credits.rtf */ = {
			isa = PBXVariantGroup;
			children = (
				5E22D51218BC31C0008D4A9C /* en */,
			);
			name = Credits.rtf;
			sourceTree = "<group>";
		};
		5E22D51718BC31C0008D4A9C /* MainMenu.xib */ = {
			isa = PBXVariantGroup;
			children = (
				5E22D51818BC31C0008D4A9C /* Base */,
			);
			name = MainMenu.xib;
			sourceTree = "<group>";
		};
		5E22D52918BC31C0008D4A9C /* InfoPlist.strings */ = {
			isa = PBXVariantGroup;
			children = (
				5E22D52A18BC31C0008D4A9C /* en */,
			);
			name = InfoPlist.strings;
			sourceTree = "<group>";
		};
/* End PBXVariantGroup section */

/* Begin XCBuildConfiguration section */
		5E22D52E18BC31C0008D4A9C /* Debug */ = {
			isa = XCBuildConfiguration;
			buildSettings = {
				ALWAYS_SEARCH_USER_PATHS = NO;
				CLANG_CXX_LANGUAGE_STANDARD = "gnu++0x";
				CLANG_CXX_LIBRARY = "libc++";
				CLANG_ENABLE_MODULES = YES;
				CLANG_ENABLE_OBJC_ARC = YES;
				CLANG_WARN_BOOL_CONVERSION = YES;
				CLANG_WARN_CONSTANT_CONVERSION = YES;
				CLANG_WARN_DIRECT_OBJC_ISA_USAGE = YES_ERROR;
				CLANG_WARN_EMPTY_BODY = YES;
				CLANG_WARN_ENUM_CONVERSION = YES;
				CLANG_WARN_INT_CONVERSION = YES;
				CLANG_WARN_OBJC_ROOT_CLASS = YES_ERROR;
				CLANG_WARN__DUPLICATE_METHOD_MATCH = YES;
				COPY_PHASE_STRIP = NO;
				GCC_C_LANGUAGE_STANDARD = gnu99;
				GCC_DYNAMIC_NO_PIC = NO;
				GCC_ENABLE_OBJC_EXCEPTIONS = YES;
				GCC_OPTIMIZATION_LEVEL = 0;
				GCC_PREPROCESSOR_DEFINITIONS = (
					"DEBUG=1",
					"$(inherited)",
				);
				GCC_SYMBOLS_PRIVATE_EXTERN = NO;
				GCC_WARN_64_TO_32_BIT_CONVERSION = YES;
				GCC_WARN_ABOUT_RETURN_TYPE = YES_ERROR;
				GCC_WARN_UNDECLARED_SELECTOR = YES;
				GCC_WARN_UNINITIALIZED_AUTOS = YES_AGGRESSIVE;
				GCC_WARN_UNUSED_FUNCTION = YES;
				GCC_WARN_UNUSED_VARIABLE = YES;
				MACOSX_DEPLOYMENT_TARGET = 10.9;
				ONLY_ACTIVE_ARCH = YES;
				SDKROOT = macosx;
			};
			name = Debug;
		};
		5E22D52F18BC31C0008D4A9C /* Release */ = {
			isa = XCBuildConfiguration;
			buildSettings = {
				ALWAYS_SEARCH_USER_PATHS = NO;
				CLANG_CXX_LANGUAGE_STANDARD = "gnu++0x";
				CLANG_CXX_LIBRARY = "libc++";
				CLANG_ENABLE_MODULES = YES;
				CLANG_ENABLE_OBJC_ARC = YES;
				CLANG_WARN_BOOL_CONVERSION = YES;
				CLANG_WARN_CONSTANT_CONVERSION = YES;
				CLANG_WARN_DIRECT_OBJC_ISA_USAGE = YES_ERROR;
				CLANG_WARN_EMPTY_BODY = YES;
				CLANG_WARN_ENUM_CONVERSION = YES;
				CLANG_WARN_INT_CONVERSION = YES;
				CLANG_WARN_OBJC_ROOT_CLASS = YES_ERROR;
				CLANG_WARN__DUPLICATE_METHOD_MATCH = YES;
				COPY_PHASE_STRIP = NO;
				DEBUG_INFORMATION_FORMAT = "dwarf-with-dsym";
				ENABLE_NS_ASSERTIONS = NO;
				GCC_C_LANGUAGE_STANDARD = gnu99;
				GCC_ENABLE_OBJC_EXCEPTIONS = YES;
				GCC_WARN_64_TO_32_BIT_CONVERSION = YES;
				GCC_WARN_ABOUT_RETURN_TYPE = YES_ERROR;
				GCC_WARN_UNDECLARED_SELECTOR = YES;
				GCC_WARN_UNINITIALIZED_AUTOS = YES_AGGRESSIVE;
				GCC_WARN_UNUSED_FUNCTION = YES;
				GCC_WARN_UNUSED_VARIABLE = YES;
				MACOSX_DEPLOYMENT_TARGET = 10.9;
				SDKROOT = macosx;
			};
			name = Release;
		};
		5E22D53118BC31C0008D4A9C /* Debug */ = {
			isa = XCBuildConfiguration;
			buildSettings = {
				ASSETCATALOG_COMPILER_APPICON_NAME = AppIcon;
				CODE_SIGN_ENTITLEMENTS = MainApp/MainApp.entitlements;
				CODE_SIGN_IDENTITY = "";
				COMBINE_HIDPI_IMAGES = YES;
				GCC_PRECOMPILE_PREFIX_HEADER = YES;
				GCC_PREFIX_HEADER = "MainApp/MainApp-Prefix.pch";
				INFOPLIST_FILE = "MainApp/MainApp-Info.plist";
				PRODUCT_NAME = "$(TARGET_NAME)";
				WRAPPER_EXTENSION = app;
			};
			name = Debug;
		};
		5E22D53218BC31C0008D4A9C /* Release */ = {
			isa = XCBuildConfiguration;
			buildSettings = {
				ASSETCATALOG_COMPILER_APPICON_NAME = AppIcon;
				CODE_SIGN_ENTITLEMENTS = MainApp/MainApp.entitlements;
				CODE_SIGN_IDENTITY = "";
				COMBINE_HIDPI_IMAGES = YES;
				GCC_PRECOMPILE_PREFIX_HEADER = YES;
				GCC_PREFIX_HEADER = "MainApp/MainApp-Prefix.pch";
				INFOPLIST_FILE = "MainApp/MainApp-Info.plist";
				PRODUCT_NAME = "$(TARGET_NAME)";
				WRAPPER_EXTENSION = app;
			};
			name = Release;
		};
		5E22D53418BC31C0008D4A9C /* Debug */ = {
			isa = XCBuildConfiguration;
			buildSettings = {
				BUNDLE_LOADER = "$(BUILT_PRODUCTS_DIR)/MainApp.app/Contents/MacOS/MainApp";
				COMBINE_HIDPI_IMAGES = YES;
				FRAMEWORK_SEARCH_PATHS = (
					"$(DEVELOPER_FRAMEWORKS_DIR)",
					"$(inherited)",
				);
				GCC_PRECOMPILE_PREFIX_HEADER = YES;
				GCC_PREFIX_HEADER = "MainApp/MainApp-Prefix.pch";
				GCC_PREPROCESSOR_DEFINITIONS = (
					"DEBUG=1",
					"$(inherited)",
				);
				INFOPLIST_FILE = "MainAppTests/MainAppTests-Info.plist";
				PRODUCT_NAME = "$(TARGET_NAME)";
				TEST_HOST = "$(BUNDLE_LOADER)";
				WRAPPER_EXTENSION = xctest;
			};
			name = Debug;
		};
		5E22D53518BC31C0008D4A9C /* Release */ = {
			isa = XCBuildConfiguration;
			buildSettings = {
				BUNDLE_LOADER = "$(BUILT_PRODUCTS_DIR)/MainApp.app/Contents/MacOS/MainApp";
				COMBINE_HIDPI_IMAGES = YES;
				FRAMEWORK_SEARCH_PATHS = (
					"$(DEVELOPER_FRAMEWORKS_DIR)",
					"$(inherited)",
				);
				GCC_PRECOMPILE_PREFIX_HEADER = YES;
				GCC_PREFIX_HEADER = "MainApp/MainApp-Prefix.pch";
				INFOPLIST_FILE = "MainAppTests/MainAppTests-Info.plist";
				PRODUCT_NAME = "$(TARGET_NAME)";
				TEST_HOST = "$(BUNDLE_LOADER)";
				WRAPPER_EXTENSION = xctest;
			};
			name = Release;
		};
/* End XCBuildConfiguration section */

/* Begin XCConfigurationList section */
		5E22D4FA18BC31C0008D4A9C /* Build configuration list for PBXProject "MainApp" */ = {
			isa = XCConfigurationList;
			buildConfigurations = (
				5E22D52E18BC31C0008D4A9C /* Debug */,
				5E22D52F18BC31C0008D4A9C /* Release */,
			);
			defaultConfigurationIsVisible = 0;
			defaultConfigurationName = Release;
		};
		5E22D53018BC31C0008D4A9C /* Build configuration list for PBXNativeTarget "MainApp" */ = {
			isa = XCConfigurationList;
			buildConfigurations = (
				5E22D53118BC31C0008D4A9C /* Debug */,
				5E22D53218BC31C0008D4A9C /* Release */,
			);
			defaultConfigurationIsVisible = 0;
			defaultConfigurationName = Release;
		};
		5E22D53318BC31C0008D4A9C /* Build configuration list for PBXNativeTarget "MainAppTests" */ = {
			isa = XCConfigurationList;
			buildConfigurations = (
				5E22D53418BC31C0008D4A9C /* Debug */,
				5E22D53518BC31C0008D4A9C /* Release */,
			);
			defaultConfigurationIsVisible = 0;
			defaultConfigurationName = Release;
		};
/* End XCConfigurationList section */
	};
	rootObject = 5E22D4F718BC31C0008D4A9C /* Project object */;
}
